
Microsoft Visual Studio Solution File, Format Version 12.00
# Visual Studio 2012
VisualStudioVersion = 12.0.31101.0
MinimumVisualStudioVersion = 10.0.40219.1
Project("{FAE04EC0-301F-11D3-BF4B-00C04F79EFBC}") = "CardView.Forms.Plugin.Abstractions", "CardView\CardView.Forms.Plugin.Abstractions\CardView.Forms.Plugin.Abstractions.csproj", "{14C534B6-1984-41A9-A384-D3A5508588E3}"
EndProject
Project("{FAE04EC0-301F-11D3-BF4B-00C04F79EFBC}") = "CardView.Forms.Plugin.iOSUnified", "CardView\CardView.Forms.Plugin.iOSUnified\CardView.Forms.Plugin.iOSUnified.csproj", "{38BB3E97-472B-49AF-BEB6-DB435FACE363}"
EndProject
Project("{FAE04EC0-301F-11D3-BF4B-00C04F79EFBC}") = "CardView.Forms.Plugin.Droid", "CardView\CardView.Forms.Plugin.Android\CardView.Forms.Plugin.Droid.csproj", "{AD2D2DB4-E781-4CF1-9B62-3AAD264F196D}"
EndProject
Project("{FAE04EC0-301F-11D3-BF4B-00C04F79EFBC}") = "CardView.Forms.Plugin.WindowsPhone", "CardView\CardView.Forms.Plugin.WindowsPhone\CardView.Forms.Plugin.WindowsPhone.csproj", "{983B7EFF-7E75-4A87-890A-744A0B4C5232}"
EndProject
Project("{2150E333-8FDC-42A3-9474-1A3956D46DE8}") = "Sample", "Sample", "{B8EA40B2-1107-4D59-A74C-BD6155FB81C1}"
EndProject
Project("{D954291E-2A0B-460D-934E-DC6B0785DB48}") = "CardView.Sample", "CardView.Sample\CardView.Sample.shproj", "{18A0C8C6-8C04-41ED-A2DD-D8E4043AE397}"
EndProject
Project("{FAE04EC0-301F-11D3-BF4B-00C04F79EFBC}") = "CardView.Sample.iOS", "iOS\CardView.Sample.iOS.csproj", "{48556CF8-5DC6-46A3-A2D9-32B27D3307AB}"
EndProject
Project("{FAE04EC0-301F-11D3-BF4B-00C04F79EFBC}") = "CardView.Sample.Droid", "Droid\CardView.Sample.Droid.csproj", "{7E7CC710-DC27-456D-B927-10DC95C5E985}"
EndProject
Global
	GlobalSection(SolutionConfigurationPlatforms) = preSolution
		Debug|Any CPU = Debug|Any CPU
		Debug|ARM = Debug|ARM
		Debug|iPhone = Debug|iPhone
		Debug|iPhoneSimulator = Debug|iPhoneSimulator
		Debug|x86 = Debug|x86
		Release|Any CPU = Release|Any CPU
		Release|ARM = Release|ARM
		Release|iPhone = Release|iPhone
		Release|iPhoneSimulator = Release|iPhoneSimulator
		Release|x86 = Release|x86
	EndGlobalSection
	GlobalSection(ProjectConfigurationPlatforms) = postSolution
		{14C534B6-1984-41A9-A384-D3A5508588E3}.Debug|Any CPU.ActiveCfg = Debug|Any CPU
		{14C534B6-1984-41A9-A384-D3A5508588E3}.Debug|Any CPU.Build.0 = Debug|Any CPU
		{14C534B6-1984-41A9-A384-D3A5508588E3}.Debug|ARM.ActiveCfg = Debug|Any CPU
		{14C534B6-1984-41A9-A384-D3A5508588E3}.Debug|iPhone.ActiveCfg = Debug|Any CPU
		{14C534B6-1984-41A9-A384-D3A5508588E3}.Debug|iPhone.Build.0 = Debug|Any CPU
		{14C534B6-1984-41A9-A384-D3A5508588E3}.Debug|iPhoneSimulator.ActiveCfg = Debug|Any CPU
		{14C534B6-1984-41A9-A384-D3A5508588E3}.Debug|iPhoneSimulator.Build.0 = Debug|Any CPU
		{14C534B6-1984-41A9-A384-D3A5508588E3}.Debug|x86.ActiveCfg = Debug|Any CPU
		{14C534B6-1984-41A9-A384-D3A5508588E3}.Release|Any CPU.ActiveCfg = Release|Any CPU
		{14C534B6-1984-41A9-A384-D3A5508588E3}.Release|Any CPU.Build.0 = Release|Any CPU
		{14C534B6-1984-41A9-A384-D3A5508588E3}.Release|ARM.ActiveCfg = Release|Any CPU
		{14C534B6-1984-41A9-A384-D3A5508588E3}.Release|iPhone.ActiveCfg = Release|Any CPU
		{14C534B6-1984-41A9-A384-D3A5508588E3}.Release|iPhone.Build.0 = Release|Any CPU
		{14C534B6-1984-41A9-A384-D3A5508588E3}.Release|iPhoneSimulator.ActiveCfg = Release|Any CPU
		{14C534B6-1984-41A9-A384-D3A5508588E3}.Release|iPhoneSimulator.Build.0 = Release|Any CPU
		{14C534B6-1984-41A9-A384-D3A5508588E3}.Release|x86.ActiveCfg = Release|Any CPU
		{38BB3E97-472B-49AF-BEB6-DB435FACE363}.Debug|Any CPU.ActiveCfg = Debug|Any CPU
		{38BB3E97-472B-49AF-BEB6-DB435FACE363}.Debug|Any CPU.Build.0 = Debug|Any CPU
		{38BB3E97-472B-49AF-BEB6-DB435FACE363}.Debug|ARM.ActiveCfg = Debug|Any CPU
		{38BB3E97-472B-49AF-BEB6-DB435FACE363}.Debug|iPhone.ActiveCfg = Debug|Any CPU
		{38BB3E97-472B-49AF-BEB6-DB435FACE363}.Debug|iPhone.Build.0 = Debug|Any CPU
		{38BB3E97-472B-49AF-BEB6-DB435FACE363}.Debug|iPhoneSimulator.ActiveCfg = Debug|Any CPU
		{38BB3E97-472B-49AF-BEB6-DB435FACE363}.Debug|iPhoneSimulator.Build.0 = Debug|Any CPU
		{38BB3E97-472B-49AF-BEB6-DB435FACE363}.Debug|x86.ActiveCfg = Debug|Any CPU
		{38BB3E97-472B-49AF-BEB6-DB435FACE363}.Release|Any CPU.ActiveCfg = Release|Any CPU
		{38BB3E97-472B-49AF-BEB6-DB435FACE363}.Release|Any CPU.Build.0 = Release|Any CPU
		{38BB3E97-472B-49AF-BEB6-DB435FACE363}.Release|ARM.ActiveCfg = Release|Any CPU
		{38BB3E97-472B-49AF-BEB6-DB435FACE363}.Release|iPhone.ActiveCfg = Release|Any CPU
		{38BB3E97-472B-49AF-BEB6-DB435FACE363}.Release|iPhone.Build.0 = Release|Any CPU
		{38BB3E97-472B-49AF-BEB6-DB435FACE363}.Release|iPhoneSimulator.ActiveCfg = Release|Any CPU
		{38BB3E97-472B-49AF-BEB6-DB435FACE363}.Release|iPhoneSimulator.Build.0 = Release|Any CPU
		{38BB3E97-472B-49AF-BEB6-DB435FACE363}.Release|x86.ActiveCfg = Release|Any CPU
		{48556CF8-5DC6-46A3-A2D9-32B27D3307AB}.Debug|Any CPU.ActiveCfg = Debug|iPhoneSimulator
		{48556CF8-5DC6-46A3-A2D9-32B27D3307AB}.Debug|Any CPU.Build.0 = Debug|iPhoneSimulator
		{48556CF8-5DC6-46A3-A2D9-32B27D3307AB}.Debug|ARM.ActiveCfg = Debug|iPhoneSimulator
		{48556CF8-5DC6-46A3-A2D9-32B27D3307AB}.Debug|ARM.Build.0 = Debug|iPhoneSimulator
		{48556CF8-5DC6-46A3-A2D9-32B27D3307AB}.Debug|iPhone.ActiveCfg = Debug|iPhone
		{48556CF8-5DC6-46A3-A2D9-32B27D3307AB}.Debug|iPhone.Build.0 = Debug|iPhone
		{48556CF8-5DC6-46A3-A2D9-32B27D3307AB}.Debug|iPhoneSimulator.ActiveCfg = Debug|iPhoneSimulator
		{48556CF8-5DC6-46A3-A2D9-32B27D3307AB}.Debug|iPhoneSimulator.Build.0 = Debug|iPhoneSimulator
		{48556CF8-5DC6-46A3-A2D9-32B27D3307AB}.Debug|x86.ActiveCfg = Debug|iPhoneSimulator
		{48556CF8-5DC6-46A3-A2D9-32B27D3307AB}.Debug|x86.Build.0 = Debug|iPhoneSimulator
		{48556CF8-5DC6-46A3-A2D9-32B27D3307AB}.Release|Any CPU.ActiveCfg = Release|iPhone
		{48556CF8-5DC6-46A3-A2D9-32B27D3307AB}.Release|Any CPU.Build.0 = Release|iPhone
		{48556CF8-5DC6-46A3-A2D9-32B27D3307AB}.Release|ARM.ActiveCfg = Release|iPhone
		{48556CF8-5DC6-46A3-A2D9-32B27D3307AB}.Release|ARM.Build.0 = Release|iPhone
		{48556CF8-5DC6-46A3-A2D9-32B27D3307AB}.Release|iPhone.ActiveCfg = Release|iPhone
		{48556CF8-5DC6-46A3-A2D9-32B27D3307AB}.Release|iPhone.Build.0 = Release|iPhone
		{48556CF8-5DC6-46A3-A2D9-32B27D3307AB}.Release|iPhoneSimulator.ActiveCfg = Release|iPhoneSimulator
		{48556CF8-5DC6-46A3-A2D9-32B27D3307AB}.Release|iPhoneSimulator.Build.0 = Release|iPhoneSimulator
		{48556CF8-5DC6-46A3-A2D9-32B27D3307AB}.Release|x86.ActiveCfg = Release|iPhone
		{48556CF8-5DC6-46A3-A2D9-32B27D3307AB}.Release|x86.Build.0 = Release|iPhone
		{7E7CC710-DC27-456D-B927-10DC95C5E985}.Debug|Any CPU.ActiveCfg = Debug|Any CPU
		{7E7CC710-DC27-456D-B927-10DC95C5E985}.Debug|Any CPU.Build.0 = Debug|Any CPU
		{7E7CC710-DC27-456D-B927-10DC95C5E985}.Debug|ARM.ActiveCfg = Debug|Any CPU
		{7E7CC710-DC27-456D-B927-10DC95C5E985}.Debug|ARM.Build.0 = Debug|Any CPU
		{7E7CC710-DC27-456D-B927-10DC95C5E985}.Debug|iPhone.ActiveCfg = Debug|Any CPU
		{7E7CC710-DC27-456D-B927-10DC95C5E985}.Debug|iPhone.Build.0 = Debug|Any CPU
		{7E7CC710-DC27-456D-B927-10DC95C5E985}.Debug|iPhoneSimulator.ActiveCfg = Debug|Any CPU
		{7E7CC710-DC27-456D-B927-10DC95C5E985}.Debug|iPhoneSimulator.Build.0 = Debug|Any CPU
		{7E7CC710-DC27-456D-B927-10DC95C5E985}.Debug|x86.ActiveCfg = Debug|Any CPU
		{7E7CC710-DC27-456D-B927-10DC95C5E985}.Debug|x86.Build.0 = Debug|Any CPU
		{7E7CC710-DC27-456D-B927-10DC95C5E985}.Release|Any CPU.ActiveCfg = Release|Any CPU
		{7E7CC710-DC27-456D-B927-10DC95C5E985}.Release|Any CPU.Build.0 = Release|Any CPU
		{7E7CC710-DC27-456D-B927-10DC95C5E985}.Release|ARM.ActiveCfg = Release|Any CPU
		{7E7CC710-DC27-456D-B927-10DC95C5E985}.Release|ARM.Build.0 = Release|Any CPU
		{7E7CC710-DC27-456D-B927-10DC95C5E985}.Release|iPhone.ActiveCfg = Release|Any CPU
		{7E7CC710-DC27-456D-B927-10DC95C5E985}.Release|iPhone.Build.0 = Release|Any CPU
		{7E7CC710-DC27-456D-B927-10DC95C5E985}.Release|iPhoneSimulator.ActiveCfg = Release|Any CPU
		{7E7CC710-DC27-456D-B927-10DC95C5E985}.Release|iPhoneSimulator.Build.0 = Release|Any CPU
		{7E7CC710-DC27-456D-B927-10DC95C5E985}.Release|x86.ActiveCfg = Release|Any CPU
		{7E7CC710-DC27-456D-B927-10DC95C5E985}.Release|x86.Build.0 = Release|Any CPU
		{983B7EFF-7E75-4A87-890A-744A0B4C5232}.Debug|Any CPU.ActiveCfg = Debug|Any CPU
		{983B7EFF-7E75-4A87-890A-744A0B4C5232}.Debug|Any CPU.Build.0 = Debug|Any CPU
		{983B7EFF-7E75-4A87-890A-744A0B4C5232}.Debug|ARM.ActiveCfg = Debug|ARM
		{983B7EFF-7E75-4A87-890A-744A0B4C5232}.Debug|ARM.Build.0 = Debug|ARM
		{983B7EFF-7E75-4A87-890A-744A0B4C5232}.Debug|iPhone.ActiveCfg = Debug|Any CPU
		{983B7EFF-7E75-4A87-890A-744A0B4C5232}.Debug|iPhone.Build.0 = Debug|Any CPU
		{983B7EFF-7E75-4A87-890A-744A0B4C5232}.Debug|iPhoneSimulator.ActiveCfg = Debug|Any CPU
		{983B7EFF-7E75-4A87-890A-744A0B4C5232}.Debug|iPhoneSimulator.Build.0 = Debug|Any CPU
		{983B7EFF-7E75-4A87-890A-744A0B4C5232}.Debug|x86.ActiveCfg = Debug|x86
		{983B7EFF-7E75-4A87-890A-744A0B4C5232}.Debug|x86.Build.0 = Debug|x86
		{983B7EFF-7E75-4A87-890A-744A0B4C5232}.Release|Any CPU.ActiveCfg = Release|Any CPU
		{983B7EFF-7E75-4A87-890A-744A0B4C5232}.Release|Any CPU.Build.0 = Release|Any CPU
		{983B7EFF-7E75-4A87-890A-744A0B4C5232}.Release|ARM.ActiveCfg = Release|ARM
		{983B7EFF-7E75-4A87-890A-744A0B4C5232}.Release|ARM.Build.0 = Release|ARM
		{983B7EFF-7E75-4A87-890A-744A0B4C5232}.Release|iPhone.ActiveCfg = Release|Any CPU
		{983B7EFF-7E75-4A87-890A-744A0B4C5232}.Release|iPhone.Build.0 = Release|Any CPU
		{983B7EFF-7E75-4A87-890A-744A0B4C5232}.Release|iPhoneSimulator.ActiveCfg = Release|Any CPU
		{983B7EFF-7E75-4A87-890A-744A0B4C5232}.Release|iPhoneSimulator.Build.0 = Release|Any CPU
		{983B7EFF-7E75-4A87-890A-744A0B4C5232}.Release|x86.ActiveCfg = Release|x86
		{983B7EFF-7E75-4A87-890A-744A0B4C5232}.Release|x86.Build.0 = Release|x86
		{AD2D2DB4-E781-4CF1-9B62-3AAD264F196D}.Debug|Any CPU.ActiveCfg = Debug|Any CPU
		{AD2D2DB4-E781-4CF1-9B62-3AAD264F196D}.Debug|Any CPU.Build.0 = Debug|Any CPU
		{AD2D2DB4-E781-4CF1-9B62-3AAD264F196D}.Debug|ARM.ActiveCfg = Debug|Any CPU
		{AD2D2DB4-E781-4CF1-9B62-3AAD264F196D}.Debug|iPhone.ActiveCfg = Debug|Any CPU
		{AD2D2DB4-E781-4CF1-9B62-3AAD264F196D}.Debug|iPhone.Build.0 = Debug|Any CPU
		{AD2D2DB4-E781-4CF1-9B62-3AAD264F196D}.Debug|iPhoneSimulator.ActiveCfg = Debug|Any CPU
		{AD2D2DB4-E781-4CF1-9B62-3AAD264F196D}.Debug|iPhoneSimulator.Build.0 = Debug|Any CPU
		{AD2D2DB4-E781-4CF1-9B62-3AAD264F196D}.Debug|x86.ActiveCfg = Debug|Any CPU
		{AD2D2DB4-E781-4CF1-9B62-3AAD264F196D}.Release|Any CPU.ActiveCfg = Release|Any CPU
		{AD2D2DB4-E781-4CF1-9B62-3AAD264F196D}.Release|Any CPU.Build.0 = Release|Any CPU
		{AD2D2DB4-E781-4CF1-9B62-3AAD264F196D}.Release|ARM.ActiveCfg = Release|Any CPU
		{AD2D2DB4-E781-4CF1-9B62-3AAD264F196D}.Release|iPhone.ActiveCfg = Release|Any CPU
		{AD2D2DB4-E781-4CF1-9B62-3AAD264F196D}.Release|iPhone.Build.0 = Release|Any CPU
		{AD2D2DB4-E781-4CF1-9B62-3AAD264F196D}.Release|iPhoneSimulator.ActiveCfg = Release|Any CPU
		{AD2D2DB4-E781-4CF1-9B62-3AAD264F196D}.Release|iPhoneSimulator.Build.0 = Release|Any CPU
		{AD2D2DB4-E781-4CF1-9B62-3AAD264F196D}.Release|x86.ActiveCfg = Release|Any CPU
	EndGlobalSection
	GlobalSection(NestedProjects) = preSolution
		{18A0C8C6-8C04-41ED-A2DD-D8E4043AE397} = {B8EA40B2-1107-4D59-A74C-BD6155FB81C1}
		{48556CF8-5DC6-46A3-A2D9-32B27D3307AB} = {B8EA40B2-1107-4D59-A74C-BD6155FB81C1}
		{7E7CC710-DC27-456D-B927-10DC95C5E985} = {B8EA40B2-1107-4D59-A74C-BD6155FB81C1}
	EndGlobalSection
	GlobalSection(SharedMSBuildProjectFiles) = preSolution
		CardView.Sample\CardView.Sample.projitems*{7e7cc710-dc27-456d-b927-10dc95c5e985}*SharedItemsImports = 4
		CardView.Sample\CardView.Sample.projitems*{18a0c8c6-8c04-41ed-a2dd-d8e4043ae397}*SharedItemsImports = 13
	EndGlobalSection
	GlobalSection(SolutionProperties) = preSolution
		HideSolutionNode = FALSE
	EndGlobalSection
EndGlobal
